
Microsoft Visual Studio Solution File, Format Version 12.00
# Visual Studio Version 16
VisualStudioVersion = 16.0.32428.217
MinimumVisualStudioVersion = 10.0.40219.1
Project("{FAE04EC0-301F-11D3-BF4B-00C04F79EFBC}") = "BeslanMeSablon_UI", "BeslanMeSablon\BeslanMeSablon_UI.csproj", "{23FEC087-55B2-4758-8FF2-13FCC82A80A8}"
EndProject
Project("{FAE04EC0-301F-11D3-BF4B-00C04F79EFBC}") = "Data", "Data\Data.csproj", "{8AA0DC57-C776-4901-BF61-26683AC4359C}"
EndProject
Project("{FAE04EC0-301F-11D3-BF4B-00C04F79EFBC}") = "Dal", "Dal\Dal.csproj", "{5E078971-6DA6-4933-B446-0EFC16EDB6A0}"
EndProject
Global
	GlobalSection(SolutionConfigurationPlatforms) = preSolution
		Debug|Any CPU = Debug|Any CPU
		Release|Any CPU = Release|Any CPU
	EndGlobalSection
	GlobalSection(ProjectConfigurationPlatforms) = postSolution
		{23FEC087-55B2-4758-8FF2-13FCC82A80A8}.Debug|Any CPU.ActiveCfg = Debug|Any CPU
		{23FEC087-55B2-4758-8FF2-13FCC82A80A8}.Debug|Any CPU.Build.0 = Debug|Any CPU
		{23FEC087-55B2-4758-8FF2-13FCC82A80A8}.Release|Any CPU.ActiveCfg = Release|Any CPU
		{23FEC087-55B2-4758-8FF2-13FCC82A80A8}.Release|Any CPU.Build.0 = Release|Any CPU
		{8AA0DC57-C776-4901-BF61-26683AC4359C}.Debug|Any CPU.ActiveCfg = Debug|Any CPU
		{8AA0DC57-C776-4901-BF61-26683AC4359C}.Debug|Any CPU.Build.0 = Debug|Any CPU
		{8AA0DC57-C776-4901-BF61-26683AC4359C}.Release|Any CPU.ActiveCfg = Release|Any CPU
		{8AA0DC57-C776-4901-BF61-26683AC4359C}.Release|Any CPU.Build.0 = Release|Any CPU
		{5E078971-6DA6-4933-B446-0EFC16EDB6A0}.Debug|Any CPU.ActiveCfg = Debug|Any CPU
		{5E078971-6DA6-4933-B446-0EFC16EDB6A0}.Debug|Any CPU.Build.0 = Debug|Any CPU
		{5E078971-6DA6-4933-B446-0EFC16EDB6A0}.Release|Any CPU.ActiveCfg = Release|Any CPU
		{5E078971-6DA6-4933-B446-0EFC16EDB6A0}.Release|Any CPU.Build.0 = Release|Any CPU
	EndGlobalSection
	GlobalSection(SolutionProperties) = preSolution
		HideSolutionNode = FALSE
	EndGlobalSection
	GlobalSection(ExtensibilityGlobals) = postSolution
		SolutionGuid = {698A7B84-580A-4827-B9CD-8CF1D63FAD56}
	EndGlobalSection
EndGlobal
